// !$*UTF8*$!
{
	archiveVersion = 1;
	classes = {
	};
	objectVersion = 55;
	objects = {

/* Begin PBXBuildFile section */
		577DC98528C0C57700553193 /* AppDelegate.swift in Sources */ = {isa = PBXBuildFile; fileRef = 577DC98428C0C57700553193 /* AppDelegate.swift */; };
		577DC98728C0C57700553193 /* SceneDelegate.swift in Sources */ = {isa = PBXBuildFile; fileRef = 577DC98628C0C57700553193 /* SceneDelegate.swift */; };
		577DC98928C0C57700553193 /* ViewController.swift in Sources */ = {isa = PBXBuildFile; fileRef = 577DC98828C0C57700553193 /* ViewController.swift */; };
		577DC98C28C0C57700553193 /* Main.storyboard in Resources */ = {isa = PBXBuildFile; fileRef = 577DC98A28C0C57700553193 /* Main.storyboard */; };
		577DC98E28C0C57800553193 /* Assets.xcassets in Resources */ = {isa = PBXBuildFile; fileRef = 577DC98D28C0C57800553193 /* Assets.xcassets */; };
		577DC99128C0C57800553193 /* LaunchScreen.storyboard in Resources */ = {isa = PBXBuildFile; fileRef = 577DC98F28C0C57800553193 /* LaunchScreen.storyboard */; };
		57C8E96B28C2FF150035002F /* HasilViewController.swift in Sources */ = {isa = PBXBuildFile; fileRef = 57C8E96A28C2FF150035002F /* HasilViewController.swift */; };
		57D4E97828C1ED19004EDC72 /* Calculator.swift in Sources */ = {isa = PBXBuildFile; fileRef = 57D4E97728C1ED19004EDC72 /* Calculator.swift */; };
		57D4E97B28C1ED53004EDC72 /* BMI.swift in Sources */ = {isa = PBXBuildFile; fileRef = 57D4E97A28C1ED53004EDC72 /* BMI.swift */; };
/* End PBXBuildFile section */

/* Begin PBXFileReference section */
		577DC98128C0C57700553193 /* Ideal-ist.app */ = {isa = PBXFileReference; explicitFileType = wrapper.application; includeInIndex = 0; path = "Ideal-ist.app"; sourceTree = BUILT_PRODUCTS_DIR; };
		577DC98428C0C57700553193 /* AppDelegate.swift */ = {isa = PBXFileReference; lastKnownFileType = sourcecode.swift; path = AppDelegate.swift; sourceTree = "<group>"; };
		577DC98628C0C57700553193 /* SceneDelegate.swift */ = {isa = PBXFileReference; lastKnownFileType = sourcecode.swift; path = SceneDelegate.swift; sourceTree = "<group>"; };
		577DC98828C0C57700553193 /* ViewController.swift */ = {isa = PBXFileReference; lastKnownFileType = sourcecode.swift; path = ViewController.swift; sourceTree = "<group>"; };
		577DC98B28C0C57700553193 /* Base */ = {isa = PBXFileReference; lastKnownFileType = file.storyboard; name = Base; path = Base.lproj/Main.storyboard; sourceTree = "<group>"; };
		577DC98D28C0C57800553193 /* Assets.xcassets */ = {isa = PBXFileReference; lastKnownFileType = folder.assetcatalog; path = Assets.xcassets; sourceTree = "<group>"; };
		577DC99028C0C57800553193 /* Base */ = {isa = PBXFileReference; lastKnownFileType = file.storyboard; name = Base; path = Base.lproj/LaunchScreen.storyboard; sourceTree = "<group>"; };
		577DC99228C0C57800553193 /* Info.plist */ = {isa = PBXFileReference; lastKnownFileType = text.plist.xml; path = Info.plist; sourceTree = "<group>"; };
		57C8E96A28C2FF150035002F /* HasilViewController.swift */ = {isa = PBXFileReference; lastKnownFileType = sourcecode.swift; path = HasilViewController.swift; sourceTree = "<group>"; };
		57D4E97728C1ED19004EDC72 /* Calculator.swift */ = {isa = PBXFileReference; lastKnownFileType = sourcecode.swift; path = Calculator.swift; sourceTree = "<group>"; };
		57D4E97A28C1ED53004EDC72 /* BMI.swift */ = {isa = PBXFileReference; lastKnownFileType = sourcecode.swift; path = BMI.swift; sourceTree = "<group>"; };
/* End PBXFileReference section */

/* Begin PBXFrameworksBuildPhase section */
		577DC97E28C0C57700553193 /* Frameworks */ = {
			isa = PBXFrameworksBuildPhase;
			buildActionMask = 2147483647;
			files = (
			);
			runOnlyForDeploymentPostprocessing = 0;
		};
/* End PBXFrameworksBuildPhase section */

/* Begin PBXGroup section */
		577DC97828C0C57700553193 = {
			isa = PBXGroup;
			children = (
				577DC98328C0C57700553193 /* Ideal-ist */,
				577DC98228C0C57700553193 /* Products */,
			);
			sourceTree = "<group>";
		};
		577DC98228C0C57700553193 /* Products */ = {
			isa = PBXGroup;
			children = (
				577DC98128C0C57700553193 /* Ideal-ist.app */,
			);
			name = Products;
			sourceTree = "<group>";
		};
		577DC98328C0C57700553193 /* Ideal-ist */ = {
			isa = PBXGroup;
			children = (
				577DC98428C0C57700553193 /* AppDelegate.swift */,
				577DC98628C0C57700553193 /* SceneDelegate.swift */,
				57D4E97528C1D5F9004EDC72 /* Controller */,
				57D4E97628C1D603004EDC72 /* View */,
				57D4E97928C1ED1E004EDC72 /* Model */,
				577DC98D28C0C57800553193 /* Assets.xcassets */,
				577DC98F28C0C57800553193 /* LaunchScreen.storyboard */,
				577DC99228C0C57800553193 /* Info.plist */,
			);
			path = "Ideal-ist";
			sourceTree = "<group>";
		};
		57D4E97528C1D5F9004EDC72 /* Controller */ = {
			isa = PBXGroup;
			children = (
				577DC98828C0C57700553193 /* ViewController.swift */,
				57C8E96A28C2FF150035002F /* HasilViewController.swift */,
			);
			path = Controller;
			sourceTree = "<group>";
		};
		57D4E97628C1D603004EDC72 /* View */ = {
			isa = PBXGroup;
			children = (
				577DC98A28C0C57700553193 /* Main.storyboard */,
			);
			path = View;
			sourceTree = "<group>";
		};
		57D4E97928C1ED1E004EDC72 /* Model */ = {
			isa = PBXGroup;
			children = (
				57D4E97728C1ED19004EDC72 /* Calculator.swift */,
				57D4E97A28C1ED53004EDC72 /* BMI.swift */,
			);
			path = Model;
			sourceTree = "<group>";
		};
/* End PBXGroup section */

/* Begin PBXNativeTarget section */
		577DC98028C0C57700553193 /* Ideal-ist */ = {
			isa = PBXNativeTarget;
			buildConfigurationList = 577DC99528C0C57800553193 /* Build configuration list for PBXNativeTarget "Ideal-ist" */;
			buildPhases = (
				577DC97D28C0C57700553193 /* Sources */,
				577DC97E28C0C57700553193 /* Frameworks */,
				577DC97F28C0C57700553193 /* Resources */,
			);
			buildRules = (
			);
			dependencies = (
			);
			name = "Ideal-ist";
			productName = "Ideal-ist";
			productReference = 577DC98128C0C57700553193 /* Ideal-ist.app */;
			productType = "com.apple.product-type.application";
		};
/* End PBXNativeTarget section */

/* Begin PBXProject section */
		577DC97928C0C57700553193 /* Project object */ = {
			isa = PBXProject;
			attributes = {
				BuildIndependentTargetsInParallel = 1;
				LastSwiftUpdateCheck = 1340;
				LastUpgradeCheck = 1340;
				TargetAttributes = {
					577DC98028C0C57700553193 = {
						CreatedOnToolsVersion = 13.4.1;
					};
				};
			};
			buildConfigurationList = 577DC97C28C0C57700553193 /* Build configuration list for PBXProject "Ideal-ist" */;
			compatibilityVersion = "Xcode 13.0";
			developmentRegion = en;
			hasScannedForEncodings = 0;
			knownRegions = (
				en,
				Base,
			);
			mainGroup = 577DC97828C0C57700553193;
			productRefGroup = 577DC98228C0C57700553193 /* Products */;
			projectDirPath = "";
			projectRoot = "";
			targets = (
				577DC98028C0C57700553193 /* Ideal-ist */,
			);
		};
/* End PBXProject section */

/* Begin PBXResourcesBuildPhase section */
		577DC97F28C0C57700553193 /* Resources */ = {
			isa = PBXResourcesBuildPhase;
			buildActionMask = 2147483647;
			files = (
				577DC99128C0C57800553193 /* LaunchScreen.storyboard in Resources */,
				577DC98E28C0C57800553193 /* Assets.xcassets in Resources */,
				577DC98C28C0C57700553193 /* Main.storyboard in Resources */,
			);
			runOnlyForDeploymentPostprocessing = 0;
		};
/* End PBXResourcesBuildPhase section */

/* Begin PBXSourcesBuildPhase section */
		577DC97D28C0C57700553193 /* Sources */ = {
			isa = PBXSourcesBuildPhase;
			buildActionMask = 2147483647;
			files = (
				57C8E96B28C2FF150035002F /* HasilViewController.swift in Sources */,
				57D4E97B28C1ED53004EDC72 /* BMI.swift in Sources */,
				577DC98928C0C57700553193 /* ViewController.swift in Sources */,
				57D4E97828C1ED19004EDC72 /* Calculator.swift in Sources */,
				577DC98528C0C57700553193 /* AppDelegate.swift in Sources */,
				577DC98728C0C57700553193 /* SceneDelegate.swift in Sources */,
			);
			runOnlyForDeploymentPostprocessing = 0;
		};
/* End PBXSourcesBuildPhase section */

/* Begin PBXVariantGroup section */
		577DC98A28C0C57700553193 /* Main.storyboard */ = {
			isa = PBXVariantGroup;
			children = (
				577DC98B28C0C57700553193 /* Base */,
			);
			name = Main.storyboard;
			sourceTree = "<group>";
		};
		577DC98F28C0C57800553193 /* LaunchScreen.storyboard */ = {
			isa = PBXVariantGroup;
			children = (
				577DC99028C0C57800553193 /* Base */,
			);
			name = LaunchScreen.storyboard;
			sourceTree = "<group>";
		};
/* End PBXVariantGroup section */

/* Begin XCBuildConfiguration section */
		577DC99328C0C57800553193 /* Debug */ = {
			isa = XCBuildConfiguration;
			buildSettings = {
				ALWAYS_SEARCH_USER_PATHS = NO;
				CLANG_ANALYZER_NONNULL = YES;
				CLANG_ANALYZER_NUMBER_OBJECT_CONVERSION = YES_AGGRESSIVE;
				CLANG_CXX_LANGUAGE_STANDARD = "gnu++17";
				CLANG_ENABLE_MODULES = YES;
				CLANG_ENABLE_OBJC_ARC = YES;
				CLANG_ENABLE_OBJC_WEAK = YES;
				CLANG_WARN_BLOCK_CAPTURE_AUTORELEASING = YES;
				CLANG_WARN_BOOL_CONVERSION = YES;
				CLANG_WARN_COMMA = YES;
				CLANG_WARN_CONSTANT_CONVERSION = YES;
				CLANG_WARN_DEPRECATED_OBJC_IMPLEMENTATIONS = YES;
				CLANG_WARN_DIRECT_OBJC_ISA_USAGE = YES_ERROR;
				CLANG_WARN_DOCUMENTATION_COMMENTS = YES;
				CLANG_WARN_EMPTY_BODY = YES;
				CLANG_WARN_ENUM_CONVERSION = YES;
				CLANG_WARN_INFINITE_RECURSION = YES;
				CLANG_WARN_INT_CONVERSION = YES;
				CLANG_WARN_NON_LITERAL_NULL_CONVERSION = YES;
				CLANG_WARN_OBJC_IMPLICIT_RETAIN_SELF = YES;
				CLANG_WARN_OBJC_LITERAL_CONVERSION = YES;
				CLANG_WARN_OBJC_ROOT_CLASS = YES_ERROR;
				CLANG_WARN_QUOTED_INCLUDE_IN_FRAMEWORK_HEADER = YES;
				CLANG_WARN_RANGE_LOOP_ANALYSIS = YES;
				CLANG_WARN_STRICT_PROTOTYPES = YES;
				CLANG_WARN_SUSPICIOUS_MOVE = YES;
				CLANG_WARN_UNGUARDED_AVAILABILITY = YES_AGGRESSIVE;
				CLANG_WARN_UNREACHABLE_CODE = YES;
				CLANG_WARN__DUPLICATE_METHOD_MATCH = YES;
				COPY_PHASE_STRIP = NO;
				DEBUG_INFORMATION_FORMAT = dwarf;
				ENABLE_STRICT_OBJC_MSGSEND = YES;
				ENABLE_TESTABILITY = YES;
				GCC_C_LANGUAGE_STANDARD = gnu11;
				GCC_DYNAMIC_NO_PIC = NO;
				GCC_NO_COMMON_BLOCKS = YES;
				GCC_OPTIMIZATION_LEVEL = 0;
				GCC_PREPROCESSOR_DEFINITIONS = (
					"DEBUG=1",
					"$(inherited)",
				);
				GCC_WARN_64_TO_32_BIT_CONVERSION = YES;
				GCC_WARN_ABOUT_RETURN_TYPE = YES_ERROR;
				GCC_WARN_UNDECLARED_SELECTOR = YES;
				GCC_WARN_UNINITIALIZED_AUTOS = YES_AGGRESSIVE;
				GCC_WARN_UNUSED_FUNCTION = YES;
				GCC_WARN_UNUSED_VARIABLE = YES;
				IPHONEOS_DEPLOYMENT_TARGET = 15.5;
				MTL_ENABLE_DEBUG_INFO = INCLUDE_SOURCE;
				MTL_FAST_MATH = YES;
				ONLY_ACTIVE_ARCH = YES;
				SDKROOT = iphoneos;
				SWIFT_ACTIVE_COMPILATION_CONDITIONS = DEBUG;
				SWIFT_OPTIMIZATION_LEVEL = "-Onone";
			};
			name = Debug;
		};
		577DC99428C0C57800553193 /* Release */ = {
			isa = XCBuildConfiguration;
			buildSettings = {
				ALWAYS_SEARCH_USER_PATHS = NO;
				CLANG_ANALYZER_NONNULL = YES;
				CLANG_ANALYZER_NUMBER_OBJECT_CONVERSION = YES_AGGRESSIVE;
				CLANG_CXX_LANGUAGE_STANDARD = "gnu++17";
				CLANG_ENABLE_MODULES = YES;
				CLANG_ENABLE_OBJC_ARC = YES;
				CLANG_ENABLE_OBJC_WEAK = YES;
				CLANG_WARN_BLOCK_CAPTURE_AUTORELEASING = YES;
				CLANG_WARN_BOOL_CONVERSION = YES;
				CLANG_WARN_COMMA = YES;
				CLANG_WARN_CONSTANT_CONVERSION = YES;
				CLANG_WARN_DEPRECATED_OBJC_IMPLEMENTATIONS = YES;
				CLANG_WARN_DIRECT_OBJC_ISA_USAGE = YES_ERROR;
				CLANG_WARN_DOCUMENTATION_COMMENTS = YES;
				CLANG_WARN_EMPTY_BODY = YES;
				CLANG_WARN_ENUM_CONVERSION = YES;
				CLANG_WARN_INFINITE_RECURSION = YES;
				CLANG_WARN_INT_CONVERSION = YES;
				CLANG_WARN_NON_LITERAL_NULL_CONVERSION = YES;
				CLANG_WARN_OBJC_IMPLICIT_RETAIN_SELF = YES;
				CLANG_WARN_OBJC_LITERAL_CONVERSION = YES;
				CLANG_WARN_OBJC_ROOT_CLASS = YES_ERROR;
				CLANG_WARN_QUOTED_INCLUDE_IN_FRAMEWORK_HEADER = YES;
				CLANG_WARN_RANGE_LOOP_ANALYSIS = YES;
				CLANG_WARN_STRICT_PROTOTYPES = YES;
				CLANG_WARN_SUSPICIOUS_MOVE = YES;
				CLANG_WARN_UNGUARDED_AVAILABILITY = YES_AGGRESSIVE;
				CLANG_WARN_UNREACHABLE_CODE = YES;
				CLANG_WARN__DUPLICATE_METHOD_MATCH = YES;
				COPY_PHASE_STRIP = NO;
				DEBUG_INFORMATION_FORMAT = "dwarf-with-dsym";
				ENABLE_NS_ASSERTIONS = NO;
				ENABLE_STRICT_OBJC_MSGSEND = YES;
				GCC_C_LANGUAGE_STANDARD = gnu11;
				GCC_NO_COMMON_BLOCKS = YES;
				GCC_WARN_64_TO_32_BIT_CONVERSION = YES;
				GCC_WARN_ABOUT_RETURN_TYPE = YES_ERROR;
				GCC_WARN_UNDECLARED_SELECTOR = YES;
				GCC_WARN_UNINITIALIZED_AUTOS = YES_AGGRESSIVE;
				GCC_WARN_UNUSED_FUNCTION = YES;
				GCC_WARN_UNUSED_VARIABLE = YES;
				IPHONEOS_DEPLOYMENT_TARGET = 15.5;
				MTL_ENABLE_DEBUG_INFO = NO;
				MTL_FAST_MATH = YES;
				SDKROOT = iphoneos;
				SWIFT_COMPILATION_MODE = wholemodule;
				SWIFT_OPTIMIZATION_LEVEL = "-O";
				VALIDATE_PRODUCT = YES;
			};
			name = Release;
		};
		577DC99628C0C57800553193 /* Debug */ = {
			isa = XCBuildConfiguration;
			buildSettings = {
				ASSETCATALOG_COMPILER_APPICON_NAME = AppIcon;
				ASSETCATALOG_COMPILER_GLOBAL_ACCENT_COLOR_NAME = AccentColor;
				CODE_SIGN_STYLE = Automatic;
				CURRENT_PROJECT_VERSION = 1;
				DEVELOPMENT_TEAM = 2W8TC22856;
				GENERATE_INFOPLIST_FILE = YES;
				INFOPLIST_FILE = "Ideal-ist/Info.plist";
				INFOPLIST_KEY_UIApplicationSupportsIndirectInputEvents = YES;
				INFOPLIST_KEY_UILaunchStoryboardName = LaunchScreen;
				INFOPLIST_KEY_UIMainStoryboardFile = Main;
				INFOPLIST_KEY_UISupportedInterfaceOrientations_iPad = "UIInterfaceOrientationPortrait UIInterfaceOrientationPortraitUpsideDown UIInterfaceOrientationLandscapeLeft UIInterfaceOrientationLandscapeRight";
				INFOPLIST_KEY_UISupportedInterfaceOrientations_iPhone = "UIInterfaceOrientationPortrait UIInterfaceOrientationLandscapeLeft UIInterfaceOrientationLandscapeRight";
				LD_RUNPATH_SEARCH_PATHS = (
					"$(inherited)",
					"@executable_path/Frameworks",
				);
				MARKETING_VERSION = 1.0;
				PRODUCT_BUNDLE_IDENTIFIER = "com.anugrahangga.Ideal-ist";
				PRODUCT_NAME = "$(TARGET_NAME)";
				SWIFT_EMIT_LOC_STRINGS = YES;
				SWIFT_VERSION = 5.0;
				TARGETED_DEVICE_FAMILY = "1,2";
			};
			name = Debug;
		};
		577DC99728C0C57800553193 /* Release */ = {
			isa = XCBuildConfiguration;
			buildSettings = {
				ASSETCATALOG_COMPILER_APPICON_NAME = AppIcon;
				ASSETCATALOG_COMPILER_GLOBAL_ACCENT_COLOR_NAME = AccentColor;
				CODE_SIGN_STYLE = Automatic;
				CURRENT_PROJECT_VERSION = 1;
				DEVELOPMENT_TEAM = 2W8TC22856;
				GENERATE_INFOPLIST_FILE = YES;
				INFOPLIST_FILE = "Ideal-ist/Info.plist";
				INFOPLIST_KEY_UIApplicationSupportsIndirectInputEvents = YES;
				INFOPLIST_KEY_UILaunchStoryboardName = LaunchScreen;
				INFOPLIST_KEY_UIMainStoryboardFile = Main;
				INFOPLIST_KEY_UISupportedInterfaceOrientations_iPad = "UIInterfaceOrientationPortrait UIInterfaceOrientationPortraitUpsideDown UIInterfaceOrientationLandscapeLeft UIInterfaceOrientationLandscapeRight";
				INFOPLIST_KEY_UISupportedInterfaceOrientations_iPhone = "UIInterfaceOrientationPortrait UIInterfaceOrientationLandscapeLeft UIInterfaceOrientationLandscapeRight";
				LD_RUNPATH_SEARCH_PATHS = (
					"$(inherited)",
					"@executable_path/Frameworks",
				);
				MARKETING_VERSION = 1.0;
				PRODUCT_BUNDLE_IDENTIFIER = "com.anugrahangga.Ideal-ist";
				PRODUCT_NAME = "$(TARGET_NAME)";
				SWIFT_EMIT_LOC_STRINGS = YES;
				SWIFT_VERSION = 5.0;
				TARGETED_DEVICE_FAMILY = "1,2";
			};
			name = Release;
		};
/* End XCBuildConfiguration section */

/* Begin XCConfigurationList section */
		577DC97C28C0C57700553193 /* Build configuration list for PBXProject "Ideal-ist" */ = {
			isa = XCConfigurationList;
			buildConfigurations = (
				577DC99328C0C57800553193 /* Debug */,
				577DC99428C0C57800553193 /* Release */,
			);
			defaultConfigurationIsVisible = 0;
			defaultConfigurationName = Release;
		};
		577DC99528C0C57800553193 /* Build configuration list for PBXNativeTarget "Ideal-ist" */ = {
			isa = XCConfigurationList;
			buildConfigurations = (
				577DC99628C0C57800553193 /* Debug */,
				577DC99728C0C57800553193 /* Release */,
			);
			defaultConfigurationIsVisible = 0;
			defaultConfigurationName = Release;
		};
/* End XCConfigurationList section */
	};
	rootObject = 577DC97928C0C57700553193 /* Project object */;
}
